
Microsoft Visual Studio Solution File, Format Version 12.00
# Visual Studio Version 16
VisualStudioVersion = 16.0.31205.134
MinimumVisualStudioVersion = 10.0.40219.1
Project("{FAE04EC0-301F-11D3-BF4B-00C04F79EFBC}") = "GunfireMod", "MelonMod\GunfireMod.csproj", "{616C7559-9FC0-48B8-A30E-47CA3566D019}"
EndProject
Project("{FAE04EC0-301F-11D3-BF4B-00C04F79EFBC}") = "BepInMod", "BepInMod\BepInMod.csproj", "{1F1658DB-D6E7-4E80-B6C5-A03535075A76}"
EndProject
Project("{FAE04EC0-301F-11D3-BF4B-00C04F79EFBC}") = "FontFixMod", "FontFixMod\FontFixMod.csproj", "{455997F1-0575-4131-89EC-296637DB5B9D}"
EndProject
Project("{2150E333-8FDC-42A3-9474-1A3956D46DE8}") = ".github", ".github", "{3E7FE219-89DF-457B-BA7F-3899F9DE91A8}"
EndProject
Project("{2150E333-8FDC-42A3-9474-1A3956D46DE8}") = "workflows", "workflows", "{9D217651-297D-4CD7-BDF4-4082FDEF6AD8}"
EndProject
Project("{FAE04EC0-301F-11D3-BF4B-00C04F79EFBC}") = "GunfireLib", "GunfireLib\GunfireLib.csproj", "{ED0C2330-5FF7-46B5-96B1-EE2FFAFFFF7D}"
EndProject
Global
	GlobalSection(SolutionConfigurationPlatforms) = preSolution
		Debug|Any CPU = Debug|Any CPU
		Debug|x64 = Debug|x64
		Release|Any CPU = Release|Any CPU
		Release|x64 = Release|x64
	EndGlobalSection
	GlobalSection(ProjectConfigurationPlatforms) = postSolution
		{616C7559-9FC0-48B8-A30E-47CA3566D019}.Debug|Any CPU.ActiveCfg = Debug|Any CPU
		{616C7559-9FC0-48B8-A30E-47CA3566D019}.Debug|Any CPU.Build.0 = Debug|Any CPU
		{616C7559-9FC0-48B8-A30E-47CA3566D019}.Debug|x64.ActiveCfg = Debug|Any CPU
		{616C7559-9FC0-48B8-A30E-47CA3566D019}.Debug|x64.Build.0 = Debug|Any CPU
		{616C7559-9FC0-48B8-A30E-47CA3566D019}.Release|Any CPU.ActiveCfg = Release|Any CPU
		{616C7559-9FC0-48B8-A30E-47CA3566D019}.Release|Any CPU.Build.0 = Release|Any CPU
		{616C7559-9FC0-48B8-A30E-47CA3566D019}.Release|x64.ActiveCfg = Release|Any CPU
		{616C7559-9FC0-48B8-A30E-47CA3566D019}.Release|x64.Build.0 = Release|Any CPU
		{1F1658DB-D6E7-4E80-B6C5-A03535075A76}.Debug|Any CPU.ActiveCfg = Debug|Any CPU
		{1F1658DB-D6E7-4E80-B6C5-A03535075A76}.Debug|Any CPU.Build.0 = Debug|Any CPU
		{1F1658DB-D6E7-4E80-B6C5-A03535075A76}.Debug|x64.ActiveCfg = Debug|Any CPU
		{1F1658DB-D6E7-4E80-B6C5-A03535075A76}.Debug|x64.Build.0 = Debug|Any CPU
		{1F1658DB-D6E7-4E80-B6C5-A03535075A76}.Release|Any CPU.ActiveCfg = Release|Any CPU
		{1F1658DB-D6E7-4E80-B6C5-A03535075A76}.Release|Any CPU.Build.0 = Release|Any CPU
		{1F1658DB-D6E7-4E80-B6C5-A03535075A76}.Release|x64.ActiveCfg = Release|Any CPU
		{1F1658DB-D6E7-4E80-B6C5-A03535075A76}.Release|x64.Build.0 = Release|Any CPU
		{455997F1-0575-4131-89EC-296637DB5B9D}.Debug|Any CPU.ActiveCfg = Debug|Any CPU
		{455997F1-0575-4131-89EC-296637DB5B9D}.Debug|Any CPU.Build.0 = Debug|Any CPU
		{455997F1-0575-4131-89EC-296637DB5B9D}.Debug|x64.ActiveCfg = Debug|Any CPU
		{455997F1-0575-4131-89EC-296637DB5B9D}.Debug|x64.Build.0 = Debug|Any CPU
		{455997F1-0575-4131-89EC-296637DB5B9D}.Release|Any CPU.ActiveCfg = Release|Any CPU
		{455997F1-0575-4131-89EC-296637DB5B9D}.Release|Any CPU.Build.0 = Release|Any CPU
		{455997F1-0575-4131-89EC-296637DB5B9D}.Release|x64.ActiveCfg = Release|Any CPU
		{455997F1-0575-4131-89EC-296637DB5B9D}.Release|x64.Build.0 = Release|Any CPU
		{ED0C2330-5FF7-46B5-96B1-EE2FFAFFFF7D}.Debug|Any CPU.ActiveCfg = Debug|Any CPU
		{ED0C2330-5FF7-46B5-96B1-EE2FFAFFFF7D}.Debug|Any CPU.Build.0 = Debug|Any CPU
		{ED0C2330-5FF7-46B5-96B1-EE2FFAFFFF7D}.Debug|x64.ActiveCfg = Debug|Any CPU
		{ED0C2330-5FF7-46B5-96B1-EE2FFAFFFF7D}.Debug|x64.Build.0 = Debug|Any CPU
		{ED0C2330-5FF7-46B5-96B1-EE2FFAFFFF7D}.Release|Any CPU.ActiveCfg = Release|Any CPU
		{ED0C2330-5FF7-46B5-96B1-EE2FFAFFFF7D}.Release|Any CPU.Build.0 = Release|Any CPU
		{ED0C2330-5FF7-46B5-96B1-EE2FFAFFFF7D}.Release|x64.ActiveCfg = Release|Any CPU
		{ED0C2330-5FF7-46B5-96B1-EE2FFAFFFF7D}.Release|x64.Build.0 = Release|Any CPU
	EndGlobalSection
	GlobalSection(SolutionProperties) = preSolution
		HideSolutionNode = FALSE
	EndGlobalSection
	GlobalSection(NestedProjects) = preSolution
		{9D217651-297D-4CD7-BDF4-4082FDEF6AD8} = {3E7FE219-89DF-457B-BA7F-3899F9DE91A8}
	EndGlobalSection
	GlobalSection(ExtensibilityGlobals) = postSolution
		SolutionGuid = {EC987F1F-87EC-4771-91FE-3B0DEED7FFC5}
	EndGlobalSection
EndGlobal
